
Microsoft Visual Studio Solution File, Format Version 12.00
# Visual Studio Version 17
VisualStudioVersion = 17.13.35931.197
MinimumVisualStudioVersion = 10.0.40219.1
Project("{FAE04EC0-301F-11D3-BF4B-00C04F79EFBC}") = "LotteryApp", "src\MyApp\LotteryApp.csproj", "{C4647517-8F80-43D1-8A98-7EDAE7B36A5E}"
EndProject
Project("{FAE04EC0-301F-11D3-BF4B-00C04F79EFBC}") = "LotteryAppTests", "LotteryAppTests\LotteryAppTests.csproj", "{B4FB50D2-80C3-4D34-B4E1-988379B62E1F}"
EndProject
Global
	GlobalSection(SolutionConfigurationPlatforms) = preSolution
		Debug|Any CPU = Debug|Any CPU
		Release|Any CPU = Release|Any CPU
	EndGlobalSection
	GlobalSection(ProjectConfigurationPlatforms) = postSolution
		{C4647517-8F80-43D1-8A98-7EDAE7B36A5E}.Debug|Any CPU.ActiveCfg = Debug|Any CPU
		{C4647517-8F80-43D1-8A98-7EDAE7B36A5E}.Debug|Any CPU.Build.0 = Debug|Any CPU
		{C4647517-8F80-43D1-8A98-7EDAE7B36A5E}.Release|Any CPU.ActiveCfg = Release|Any CPU
		{C4647517-8F80-43D1-8A98-7EDAE7B36A5E}.Release|Any CPU.Build.0 = Release|Any CPU
		{B4FB50D2-80C3-4D34-B4E1-988379B62E1F}.Debug|Any CPU.ActiveCfg = Debug|Any CPU
		{B4FB50D2-80C3-4D34-B4E1-988379B62E1F}.Debug|Any CPU.Build.0 = Debug|Any CPU
		{B4FB50D2-80C3-4D34-B4E1-988379B62E1F}.Release|Any CPU.ActiveCfg = Release|Any CPU
		{B4FB50D2-80C3-4D34-B4E1-988379B62E1F}.Release|Any CPU.Build.0 = Release|Any CPU
	EndGlobalSection
	GlobalSection(SolutionProperties) = preSolution
		HideSolutionNode = FALSE
	EndGlobalSection
	GlobalSection(ExtensibilityGlobals) = postSolution
		SolutionGuid = {082FB303-53D3-4124-8C59-2BF7C487297C}
	EndGlobalSection
EndGlobal
