
Microsoft Visual Studio Solution File, Format Version 12.00
# Visual Studio Version 17
VisualStudioVersion = 17.12.35707.178
MinimumVisualStudioVersion = 10.0.40219.1
Project("{FAE04EC0-301F-11D3-BF4B-00C04F79EFBC}") = "SimpleBearerTokenApp", "SimpleBearerTokenApp\SimpleBearerTokenApp.csproj", "{6FFD0A1C-18EB-4BFF-A129-1CBE1054C1F4}"
EndProject
Project("{2150E333-8FDC-42A3-9474-1A3956D46DE8}") = "Test", "Test", "{02EA681E-C7D8-13C7-8484-4AC65E1B71E8}"
EndProject
Project("{FAE04EC0-301F-11D3-BF4B-00C04F79EFBC}") = "WeatherApp", "WeatherAppClient\WeatherApp.csproj", "{4462ABFB-3A63-477C-8073-FAA6E9A0B5B0}"
EndProject
Project("{FAE04EC0-301F-11D3-BF4B-00C04F79EFBC}") = "WeatherAppTests", "WeatherAppTests\WeatherAppTests.csproj", "{5546CD7D-E7D4-4F71-BB36-8E09E18DC128}"
EndProject
Global
	GlobalSection(SolutionConfigurationPlatforms) = preSolution
		Debug|Any CPU = Debug|Any CPU
		Release|Any CPU = Release|Any CPU
	EndGlobalSection
	GlobalSection(ProjectConfigurationPlatforms) = postSolution
		{6FFD0A1C-18EB-4BFF-A129-1CBE1054C1F4}.Debug|Any CPU.ActiveCfg = Debug|Any CPU
		{6FFD0A1C-18EB-4BFF-A129-1CBE1054C1F4}.Debug|Any CPU.Build.0 = Debug|Any CPU
		{6FFD0A1C-18EB-4BFF-A129-1CBE1054C1F4}.Release|Any CPU.ActiveCfg = Release|Any CPU
		{6FFD0A1C-18EB-4BFF-A129-1CBE1054C1F4}.Release|Any CPU.Build.0 = Release|Any CPU
		{4462ABFB-3A63-477C-8073-FAA6E9A0B5B0}.Debug|Any CPU.ActiveCfg = Debug|Any CPU
		{4462ABFB-3A63-477C-8073-FAA6E9A0B5B0}.Debug|Any CPU.Build.0 = Debug|Any CPU
		{4462ABFB-3A63-477C-8073-FAA6E9A0B5B0}.Release|Any CPU.ActiveCfg = Release|Any CPU
		{4462ABFB-3A63-477C-8073-FAA6E9A0B5B0}.Release|Any CPU.Build.0 = Release|Any CPU
		{5546CD7D-E7D4-4F71-BB36-8E09E18DC128}.Debug|Any CPU.ActiveCfg = Debug|Any CPU
		{5546CD7D-E7D4-4F71-BB36-8E09E18DC128}.Debug|Any CPU.Build.0 = Debug|Any CPU
		{5546CD7D-E7D4-4F71-BB36-8E09E18DC128}.Release|Any CPU.ActiveCfg = Release|Any CPU
		{5546CD7D-E7D4-4F71-BB36-8E09E18DC128}.Release|Any CPU.Build.0 = Release|Any CPU
	EndGlobalSection
	GlobalSection(SolutionProperties) = preSolution
		HideSolutionNode = FALSE
	EndGlobalSection
	GlobalSection(NestedProjects) = preSolution
		{4462ABFB-3A63-477C-8073-FAA6E9A0B5B0} = {02EA681E-C7D8-13C7-8484-4AC65E1B71E8}
		{5546CD7D-E7D4-4F71-BB36-8E09E18DC128} = {02EA681E-C7D8-13C7-8484-4AC65E1B71E8}
	EndGlobalSection
	GlobalSection(ExtensibilityGlobals) = postSolution
		SolutionGuid = {589600A6-A724-4142-9E2E-652CCB85FA28}
	EndGlobalSection
EndGlobal
